
Microsoft Visual Studio Solution File, Format Version 12.00
# Visual Studio Version 16
VisualStudioVersion = 16.0.28803.202
MinimumVisualStudioVersion = 10.0.40219.1
Project("{8BC9CEB8-8B4A-11D0-8D11-00A0C91BC942}") = "练习2.7_04", "练习2.7_04\练习2.7_04.vcxproj", "{84BB503B-4642-4721-A4C5-E3DDCAA37958}"
EndProject
Global
	GlobalSection(SolutionConfigurationPlatforms) = preSolution
		Debug|x64 = Debug|x64
		Debug|x86 = Debug|x86
		Release|x64 = Release|x64
		Release|x86 = Release|x86
	EndGlobalSection
	GlobalSection(ProjectConfigurationPlatforms) = postSolution
		{84BB503B-4642-4721-A4C5-E3DDCAA37958}.Debug|x64.ActiveCfg = Debug|x64
		{84BB503B-4642-4721-A4C5-E3DDCAA37958}.Debug|x64.Build.0 = Debug|x64
		{84BB503B-4642-4721-A4C5-E3DDCAA37958}.Debug|x86.ActiveCfg = Debug|Win32
		{84BB503B-4642-4721-A4C5-E3DDCAA37958}.Debug|x86.Build.0 = Debug|Win32
		{84BB503B-4642-4721-A4C5-E3DDCAA37958}.Release|x64.ActiveCfg = Release|x64
		{84BB503B-4642-4721-A4C5-E3DDCAA37958}.Release|x64.Build.0 = Release|x64
		{84BB503B-4642-4721-A4C5-E3DDCAA37958}.Release|x86.ActiveCfg = Release|Win32
		{84BB503B-4642-4721-A4C5-E3DDCAA37958}.Release|x86.Build.0 = Release|Win32
	EndGlobalSection
	GlobalSection(SolutionProperties) = preSolution
		HideSolutionNode = FALSE
	EndGlobalSection
	GlobalSection(ExtensibilityGlobals) = postSolution
		SolutionGuid = {04213FAC-0772-4EDC-AF03-C2235C2A352B}
	EndGlobalSection
EndGlobal
