
Microsoft Visual Studio Solution File, Format Version 12.00
# Visual Studio Version 16
VisualStudioVersion = 16.0.28803.202
MinimumVisualStudioVersion = 10.0.40219.1
Project("{8BC9CEB8-8B4A-11D0-8D11-00A0C91BC942}") = "练习2.7_02", "练习2.7_02\练习2.7_02.vcxproj", "{9B0D31F0-5757-4D8F-AA0D-93240D9FDCA4}"
EndProject
Global
	GlobalSection(SolutionConfigurationPlatforms) = preSolution
		Debug|x64 = Debug|x64
		Debug|x86 = Debug|x86
		Release|x64 = Release|x64
		Release|x86 = Release|x86
	EndGlobalSection
	GlobalSection(ProjectConfigurationPlatforms) = postSolution
		{9B0D31F0-5757-4D8F-AA0D-93240D9FDCA4}.Debug|x64.ActiveCfg = Debug|x64
		{9B0D31F0-5757-4D8F-AA0D-93240D9FDCA4}.Debug|x64.Build.0 = Debug|x64
		{9B0D31F0-5757-4D8F-AA0D-93240D9FDCA4}.Debug|x86.ActiveCfg = Debug|Win32
		{9B0D31F0-5757-4D8F-AA0D-93240D9FDCA4}.Debug|x86.Build.0 = Debug|Win32
		{9B0D31F0-5757-4D8F-AA0D-93240D9FDCA4}.Release|x64.ActiveCfg = Release|x64
		{9B0D31F0-5757-4D8F-AA0D-93240D9FDCA4}.Release|x64.Build.0 = Release|x64
		{9B0D31F0-5757-4D8F-AA0D-93240D9FDCA4}.Release|x86.ActiveCfg = Release|Win32
		{9B0D31F0-5757-4D8F-AA0D-93240D9FDCA4}.Release|x86.Build.0 = Release|Win32
	EndGlobalSection
	GlobalSection(SolutionProperties) = preSolution
		HideSolutionNode = FALSE
	EndGlobalSection
	GlobalSection(ExtensibilityGlobals) = postSolution
		SolutionGuid = {67614495-71A9-4228-9E31-36F73358D08F}
	EndGlobalSection
EndGlobal
